// !$*UTF8*$!
{
	archiveVersion = 1;
	classes = {
	};
	objectVersion = 50;
	objects = {

/* Begin PBXBuildFile section */
		1C104F3825C0AA2C0096C8FF /* AppDelegate.swift in Sources */ = {isa = PBXBuildFile; fileRef = 1C104F3725C0AA2C0096C8FF /* AppDelegate.swift */; };
		1C104F3A25C0AA2C0096C8FF /* SceneDelegate.swift in Sources */ = {isa = PBXBuildFile; fileRef = 1C104F3925C0AA2C0096C8FF /* SceneDelegate.swift */; };
		1C104F3C25C0AA2C0096C8FF /* ViewController.swift in Sources */ = {isa = PBXBuildFile; fileRef = 1C104F3B25C0AA2C0096C8FF /* ViewController.swift */; };
		1C104F3F25C0AA2C0096C8FF /* Main.storyboard in Resources */ = {isa = PBXBuildFile; fileRef = 1C104F3D25C0AA2C0096C8FF /* Main.storyboard */; };
		1C104F4125C0AA300096C8FF /* Assets.xcassets in Resources */ = {isa = PBXBuildFile; fileRef = 1C104F4025C0AA300096C8FF /* Assets.xcassets */; };
		1C104F4425C0AA300096C8FF /* LaunchScreen.storyboard in Resources */ = {isa = PBXBuildFile; fileRef = 1C104F4225C0AA300096C8FF /* LaunchScreen.storyboard */; };
		1C104F4F25C0AA300096C8FF /* INFO6350AppTests.swift in Sources */ = {isa = PBXBuildFile; fileRef = 1C104F4E25C0AA300096C8FF /* INFO6350AppTests.swift */; };
		1C104F5A25C0AA300096C8FF /* INFO6350AppUITests.swift in Sources */ = {isa = PBXBuildFile; fileRef = 1C104F5925C0AA300096C8FF /* INFO6350AppUITests.swift */; };
/* End PBXBuildFile section */

/* Begin PBXContainerItemProxy section */
		1C104F4B25C0AA300096C8FF /* PBXContainerItemProxy */ = {
			isa = PBXContainerItemProxy;
			containerPortal = 1C104F2C25C0AA2C0096C8FF /* Project object */;
			proxyType = 1;
			remoteGlobalIDString = 1C104F3325C0AA2C0096C8FF;
			remoteInfo = INFO6350App;
		};
		1C104F5625C0AA300096C8FF /* PBXContainerItemProxy */ = {
			isa = PBXContainerItemProxy;
			containerPortal = 1C104F2C25C0AA2C0096C8FF /* Project object */;
			proxyType = 1;
			remoteGlobalIDString = 1C104F3325C0AA2C0096C8FF;
			remoteInfo = INFO6350App;
		};
/* End PBXContainerItemProxy section */

/* Begin PBXFileReference section */
		1C104F3425C0AA2C0096C8FF /* INFO6350App.app */ = {isa = PBXFileReference; explicitFileType = wrapper.application; includeInIndex = 0; path = INFO6350App.app; sourceTree = BUILT_PRODUCTS_DIR; };
		1C104F3725C0AA2C0096C8FF /* AppDelegate.swift */ = {isa = PBXFileReference; lastKnownFileType = sourcecode.swift; path = AppDelegate.swift; sourceTree = "<group>"; };
		1C104F3925C0AA2C0096C8FF /* SceneDelegate.swift */ = {isa = PBXFileReference; lastKnownFileType = sourcecode.swift; path = SceneDelegate.swift; sourceTree = "<group>"; };
		1C104F3B25C0AA2C0096C8FF /* ViewController.swift */ = {isa = PBXFileReference; lastKnownFileType = sourcecode.swift; path = ViewController.swift; sourceTree = "<group>"; };
		1C104F3E25C0AA2C0096C8FF /* Base */ = {isa = PBXFileReference; lastKnownFileType = file.storyboard; name = Base; path = Base.lproj/Main.storyboard; sourceTree = "<group>"; };
		1C104F4025C0AA300096C8FF /* Assets.xcassets */ = {isa = PBXFileReference; lastKnownFileType = folder.assetcatalog; path = Assets.xcassets; sourceTree = "<group>"; };
		1C104F4325C0AA300096C8FF /* Base */ = {isa = PBXFileReference; lastKnownFileType = file.storyboard; name = Base; path = Base.lproj/LaunchScreen.storyboard; sourceTree = "<group>"; };
		1C104F4525C0AA300096C8FF /* Info.plist */ = {isa = PBXFileReference; lastKnownFileType = text.plist.xml; path = Info.plist; sourceTree = "<group>"; };
		1C104F4A25C0AA300096C8FF /* INFO6350AppTests.xctest */ = {isa = PBXFileReference; explicitFileType = wrapper.cfbundle; includeInIndex = 0; path = INFO6350AppTests.xctest; sourceTree = BUILT_PRODUCTS_DIR; };
		1C104F4E25C0AA300096C8FF /* INFO6350AppTests.swift */ = {isa = PBXFileReference; lastKnownFileType = sourcecode.swift; path = INFO6350AppTests.swift; sourceTree = "<group>"; };
		1C104F5025C0AA300096C8FF /* Info.plist */ = {isa = PBXFileReference; lastKnownFileType = text.plist.xml; path = Info.plist; sourceTree = "<group>"; };
		1C104F5525C0AA300096C8FF /* INFO6350AppUITests.xctest */ = {isa = PBXFileReference; explicitFileType = wrapper.cfbundle; includeInIndex = 0; path = INFO6350AppUITests.xctest; sourceTree = BUILT_PRODUCTS_DIR; };
		1C104F5925C0AA300096C8FF /* INFO6350AppUITests.swift */ = {isa = PBXFileReference; lastKnownFileType = sourcecode.swift; path = INFO6350AppUITests.swift; sourceTree = "<group>"; };
		1C104F5B25C0AA300096C8FF /* Info.plist */ = {isa = PBXFileReference; lastKnownFileType = text.plist.xml; path = Info.plist; sourceTree = "<group>"; };
/* End PBXFileReference section */

/* Begin PBXFrameworksBuildPhase section */
		1C104F3125C0AA2C0096C8FF /* Frameworks */ = {
			isa = PBXFrameworksBuildPhase;
			buildActionMask = 2147483647;
			files = (
			);
			runOnlyForDeploymentPostprocessing = 0;
		};
		1C104F4725C0AA300096C8FF /* Frameworks */ = {
			isa = PBXFrameworksBuildPhase;
			buildActionMask = 2147483647;
			files = (
			);
			runOnlyForDeploymentPostprocessing = 0;
		};
		1C104F5225C0AA300096C8FF /* Frameworks */ = {
			isa = PBXFrameworksBuildPhase;
			buildActionMask = 2147483647;
			files = (
			);
			runOnlyForDeploymentPostprocessing = 0;
		};
/* End PBXFrameworksBuildPhase section */

/* Begin PBXGroup section */
		1C104F2B25C0AA2C0096C8FF = {
			isa = PBXGroup;
			children = (
				1C104F3625C0AA2C0096C8FF /* INFO6350App */,
				1C104F4D25C0AA300096C8FF /* INFO6350AppTests */,
				1C104F5825C0AA300096C8FF /* INFO6350AppUITests */,
				1C104F3525C0AA2C0096C8FF /* Products */,
			);
			sourceTree = "<group>";
		};
		1C104F3525C0AA2C0096C8FF /* Products */ = {
			isa = PBXGroup;
			children = (
				1C104F3425C0AA2C0096C8FF /* INFO6350App.app */,
				1C104F4A25C0AA300096C8FF /* INFO6350AppTests.xctest */,
				1C104F5525C0AA300096C8FF /* INFO6350AppUITests.xctest */,
			);
			name = Products;
			sourceTree = "<group>";
		};
		1C104F3625C0AA2C0096C8FF /* INFO6350App */ = {
			isa = PBXGroup;
			children = (
				1C104F3725C0AA2C0096C8FF /* AppDelegate.swift */,
				1C104F3925C0AA2C0096C8FF /* SceneDelegate.swift */,
				1C104F3B25C0AA2C0096C8FF /* ViewController.swift */,
				1C104F3D25C0AA2C0096C8FF /* Main.storyboard */,
				1C104F4025C0AA300096C8FF /* Assets.xcassets */,
				1C104F4225C0AA300096C8FF /* LaunchScreen.storyboard */,
				1C104F4525C0AA300096C8FF /* Info.plist */,
			);
			path = INFO6350App;
			sourceTree = "<group>";
		};
		1C104F4D25C0AA300096C8FF /* INFO6350AppTests */ = {
			isa = PBXGroup;
			children = (
				1C104F4E25C0AA300096C8FF /* INFO6350AppTests.swift */,
				1C104F5025C0AA300096C8FF /* Info.plist */,
			);
			path = INFO6350AppTests;
			sourceTree = "<group>";
		};
		1C104F5825C0AA300096C8FF /* INFO6350AppUITests */ = {
			isa = PBXGroup;
			children = (
				1C104F5925C0AA300096C8FF /* INFO6350AppUITests.swift */,
				1C104F5B25C0AA300096C8FF /* Info.plist */,
			);
			path = INFO6350AppUITests;
			sourceTree = "<group>";
		};
/* End PBXGroup section */

/* Begin PBXNativeTarget section */
		1C104F3325C0AA2C0096C8FF /* INFO6350App */ = {
			isa = PBXNativeTarget;
			buildConfigurationList = 1C104F5E25C0AA300096C8FF /* Build configuration list for PBXNativeTarget "INFO6350App" */;
			buildPhases = (
				1C104F3025C0AA2C0096C8FF /* Sources */,
				1C104F3125C0AA2C0096C8FF /* Frameworks */,
				1C104F3225C0AA2C0096C8FF /* Resources */,
			);
			buildRules = (
			);
			dependencies = (
			);
			name = INFO6350App;
			productName = INFO6350App;
			productReference = 1C104F3425C0AA2C0096C8FF /* INFO6350App.app */;
			productType = "com.apple.product-type.application";
		};
		1C104F4925C0AA300096C8FF /* INFO6350AppTests */ = {
			isa = PBXNativeTarget;
			buildConfigurationList = 1C104F6125C0AA300096C8FF /* Build configuration list for PBXNativeTarget "INFO6350AppTests" */;
			buildPhases = (
				1C104F4625C0AA300096C8FF /* Sources */,
				1C104F4725C0AA300096C8FF /* Frameworks */,
				1C104F4825C0AA300096C8FF /* Resources */,
			);
			buildRules = (
			);
			dependencies = (
				1C104F4C25C0AA300096C8FF /* PBXTargetDependency */,
			);
			name = INFO6350AppTests;
			productName = INFO6350AppTests;
			productReference = 1C104F4A25C0AA300096C8FF /* INFO6350AppTests.xctest */;
			productType = "com.apple.product-type.bundle.unit-test";
		};
		1C104F5425C0AA300096C8FF /* INFO6350AppUITests */ = {
			isa = PBXNativeTarget;
			buildConfigurationList = 1C104F6425C0AA300096C8FF /* Build configuration list for PBXNativeTarget "INFO6350AppUITests" */;
			buildPhases = (
				1C104F5125C0AA300096C8FF /* Sources */,
				1C104F5225C0AA300096C8FF /* Frameworks */,
				1C104F5325C0AA300096C8FF /* Resources */,
			);
			buildRules = (
			);
			dependencies = (
				1C104F5725C0AA300096C8FF /* PBXTargetDependency */,
			);
			name = INFO6350AppUITests;
			productName = INFO6350AppUITests;
			productReference = 1C104F5525C0AA300096C8FF /* INFO6350AppUITests.xctest */;
			productType = "com.apple.product-type.bundle.ui-testing";
		};
/* End PBXNativeTarget section */

/* Begin PBXProject section */
		1C104F2C25C0AA2C0096C8FF /* Project object */ = {
			isa = PBXProject;
			attributes = {
				LastSwiftUpdateCheck = 1230;
				LastUpgradeCheck = 1230;
				TargetAttributes = {
					1C104F3325C0AA2C0096C8FF = {
						CreatedOnToolsVersion = 12.3;
					};
					1C104F4925C0AA300096C8FF = {
						CreatedOnToolsVersion = 12.3;
						TestTargetID = 1C104F3325C0AA2C0096C8FF;
					};
					1C104F5425C0AA300096C8FF = {
						CreatedOnToolsVersion = 12.3;
						TestTargetID = 1C104F3325C0AA2C0096C8FF;
					};
				};
			};
			buildConfigurationList = 1C104F2F25C0AA2C0096C8FF /* Build configuration list for PBXProject "INFO6350App" */;
			compatibilityVersion = "Xcode 9.3";
			developmentRegion = en;
			hasScannedForEncodings = 0;
			knownRegions = (
				en,
				Base,
			);
			mainGroup = 1C104F2B25C0AA2C0096C8FF;
			productRefGroup = 1C104F3525C0AA2C0096C8FF /* Products */;
			projectDirPath = "";
			projectRoot = "";
			targets = (
				1C104F3325C0AA2C0096C8FF /* INFO6350App */,
				1C104F4925C0AA300096C8FF /* INFO6350AppTests */,
				1C104F5425C0AA300096C8FF /* INFO6350AppUITests */,
			);
		};
/* End PBXProject section */

/* Begin PBXResourcesBuildPhase section */
		1C104F3225C0AA2C0096C8FF /* Resources */ = {
			isa = PBXResourcesBuildPhase;
			buildActionMask = 2147483647;
			files = (
				1C104F4425C0AA300096C8FF /* LaunchScreen.storyboard in Resources */,
				1C104F4125C0AA300096C8FF /* Assets.xcassets in Resources */,
				1C104F3F25C0AA2C0096C8FF /* Main.storyboard in Resources */,
			);
			runOnlyForDeploymentPostprocessing = 0;
		};
		1C104F4825C0AA300096C8FF /* Resources */ = {
			isa = PBXResourcesBuildPhase;
			buildActionMask = 2147483647;
			files = (
			);
			runOnlyForDeploymentPostprocessing = 0;
		};
		1C104F5325C0AA300096C8FF /* Resources */ = {
			isa = PBXResourcesBuildPhase;
			buildActionMask = 2147483647;
			files = (
			);
			runOnlyForDeploymentPostprocessing = 0;
		};
/* End PBXResourcesBuildPhase section */

/* Begin PBXSourcesBuildPhase section */
		1C104F3025C0AA2C0096C8FF /* Sources */ = {
			isa = PBXSourcesBuildPhase;
			buildActionMask = 2147483647;
			files = (
				1C104F3C25C0AA2C0096C8FF /* ViewController.swift in Sources */,
				1C104F3825C0AA2C0096C8FF /* AppDelegate.swift in Sources */,
				1C104F3A25C0AA2C0096C8FF /* SceneDelegate.swift in Sources */,
			);
			runOnlyForDeploymentPostprocessing = 0;
		};
		1C104F4625C0AA300096C8FF /* Sources */ = {
			isa = PBXSourcesBuildPhase;
			buildActionMask = 2147483647;
			files = (
				1C104F4F25C0AA300096C8FF /* INFO6350AppTests.swift in Sources */,
			);
			runOnlyForDeploymentPostprocessing = 0;
		};
		1C104F5125C0AA300096C8FF /* Sources */ = {
			isa = PBXSourcesBuildPhase;
			buildActionMask = 2147483647;
			files = (
				1C104F5A25C0AA300096C8FF /* INFO6350AppUITests.swift in Sources */,
			);
			runOnlyForDeploymentPostprocessing = 0;
		};
/* End PBXSourcesBuildPhase section */

/* Begin PBXTargetDependency section */
		1C104F4C25C0AA300096C8FF /* PBXTargetDependency */ = {
			isa = PBXTargetDependency;
			target = 1C104F3325C0AA2C0096C8FF /* INFO6350App */;
			targetProxy = 1C104F4B25C0AA300096C8FF /* PBXContainerItemProxy */;
		};
		1C104F5725C0AA300096C8FF /* PBXTargetDependency */ = {
			isa = PBXTargetDependency;
			target = 1C104F3325C0AA2C0096C8FF /* INFO6350App */;
			targetProxy = 1C104F5625C0AA300096C8FF /* PBXContainerItemProxy */;
		};
/* End PBXTargetDependency section */

/* Begin PBXVariantGroup section */
		1C104F3D25C0AA2C0096C8FF /* Main.storyboard */ = {
			isa = PBXVariantGroup;
			children = (
				1C104F3E25C0AA2C0096C8FF /* Base */,
			);
			name = Main.storyboard;
			sourceTree = "<group>";
		};
		1C104F4225C0AA300096C8FF /* LaunchScreen.storyboard */ = {
			isa = PBXVariantGroup;
			children = (
				1C104F4325C0AA300096C8FF /* Base */,
			);
			name = LaunchScreen.storyboard;
			sourceTree = "<group>";
		};
/* End PBXVariantGroup section */

/* Begin XCBuildConfiguration section */
		1C104F5C25C0AA300096C8FF /* Debug */ = {
			isa = XCBuildConfiguration;
			buildSettings = {
				ALWAYS_SEARCH_USER_PATHS = NO;
				CLANG_ANALYZER_NONNULL = YES;
				CLANG_ANALYZER_NUMBER_OBJECT_CONVERSION = YES_AGGRESSIVE;
				CLANG_CXX_LANGUAGE_STANDARD = "gnu++14";
				CLANG_CXX_LIBRARY = "libc++";
				CLANG_ENABLE_MODULES = YES;
				CLANG_ENABLE_OBJC_ARC = YES;
				CLANG_ENABLE_OBJC_WEAK = YES;
				CLANG_WARN_BLOCK_CAPTURE_AUTORELEASING = YES;
				CLANG_WARN_BOOL_CONVERSION = YES;
				CLANG_WARN_COMMA = YES;
				CLANG_WARN_CONSTANT_CONVERSION = YES;
				CLANG_WARN_DEPRECATED_OBJC_IMPLEMENTATIONS = YES;
				CLANG_WARN_DIRECT_OBJC_ISA_USAGE = YES_ERROR;
				CLANG_WARN_DOCUMENTATION_COMMENTS = YES;
				CLANG_WARN_EMPTY_BODY = YES;
				CLANG_WARN_ENUM_CONVERSION = YES;
				CLANG_WARN_INFINITE_RECURSION = YES;
				CLANG_WARN_INT_CONVERSION = YES;
				CLANG_WARN_NON_LITERAL_NULL_CONVERSION = YES;
				CLANG_WARN_OBJC_IMPLICIT_RETAIN_SELF = YES;
				CLANG_WARN_OBJC_LITERAL_CONVERSION = YES;
				CLANG_WARN_OBJC_ROOT_CLASS = YES_ERROR;
				CLANG_WARN_QUOTED_INCLUDE_IN_FRAMEWORK_HEADER = YES;
				CLANG_WARN_RANGE_LOOP_ANALYSIS = YES;
				CLANG_WARN_STRICT_PROTOTYPES = YES;
				CLANG_WARN_SUSPICIOUS_MOVE = YES;
				CLANG_WARN_UNGUARDED_AVAILABILITY = YES_AGGRESSIVE;
				CLANG_WARN_UNREACHABLE_CODE = YES;
				CLANG_WARN__DUPLICATE_METHOD_MATCH = YES;
				COPY_PHASE_STRIP = NO;
				DEBUG_INFORMATION_FORMAT = dwarf;
				ENABLE_STRICT_OBJC_MSGSEND = YES;
				ENABLE_TESTABILITY = YES;
				GCC_C_LANGUAGE_STANDARD = gnu11;
				GCC_DYNAMIC_NO_PIC = NO;
				GCC_NO_COMMON_BLOCKS = YES;
				GCC_OPTIMIZATION_LEVEL = 0;
				GCC_PREPROCESSOR_DEFINITIONS = (
					"DEBUG=1",
					"$(inherited)",
				);
				GCC_WARN_64_TO_32_BIT_CONVERSION = YES;
				GCC_WARN_ABOUT_RETURN_TYPE = YES_ERROR;
				GCC_WARN_UNDECLARED_SELECTOR = YES;
				GCC_WARN_UNINITIALIZED_AUTOS = YES_AGGRESSIVE;
				GCC_WARN_UNUSED_FUNCTION = YES;
				GCC_WARN_UNUSED_VARIABLE = YES;
				IPHONEOS_DEPLOYMENT_TARGET = 14.3;
				MTL_ENABLE_DEBUG_INFO = INCLUDE_SOURCE;
				MTL_FAST_MATH = YES;
				ONLY_ACTIVE_ARCH = YES;
				SDKROOT = iphoneos;
				SWIFT_ACTIVE_COMPILATION_CONDITIONS = DEBUG;
				SWIFT_OPTIMIZATION_LEVEL = "-Onone";
			};
			name = Debug;
		};
		1C104F5D25C0AA300096C8FF /* Release */ = {
			isa = XCBuildConfiguration;
			buildSettings = {
				ALWAYS_SEARCH_USER_PATHS = NO;
				CLANG_ANALYZER_NONNULL = YES;
				CLANG_ANALYZER_NUMBER_OBJECT_CONVERSION = YES_AGGRESSIVE;
				CLANG_CXX_LANGUAGE_STANDARD = "gnu++14";
				CLANG_CXX_LIBRARY = "libc++";
				CLANG_ENABLE_MODULES = YES;
				CLANG_ENABLE_OBJC_ARC = YES;
				CLANG_ENABLE_OBJC_WEAK = YES;
				CLANG_WARN_BLOCK_CAPTURE_AUTORELEASING = YES;
				CLANG_WARN_BOOL_CONVERSION = YES;
				CLANG_WARN_COMMA = YES;
				CLANG_WARN_CONSTANT_CONVERSION = YES;
				CLANG_WARN_DEPRECATED_OBJC_IMPLEMENTATIONS = YES;
				CLANG_WARN_DIRECT_OBJC_ISA_USAGE = YES_ERROR;
				CLANG_WARN_DOCUMENTATION_COMMENTS = YES;
				CLANG_WARN_EMPTY_BODY = YES;
				CLANG_WARN_ENUM_CONVERSION = YES;
				CLANG_WARN_INFINITE_RECURSION = YES;
				CLANG_WARN_INT_CONVERSION = YES;
				CLANG_WARN_NON_LITERAL_NULL_CONVERSION = YES;
				CLANG_WARN_OBJC_IMPLICIT_RETAIN_SELF = YES;
				CLANG_WARN_OBJC_LITERAL_CONVERSION = YES;
				CLANG_WARN_OBJC_ROOT_CLASS = YES_ERROR;
				CLANG_WARN_QUOTED_INCLUDE_IN_FRAMEWORK_HEADER = YES;
				CLANG_WARN_RANGE_LOOP_ANALYSIS = YES;
				CLANG_WARN_STRICT_PROTOTYPES = YES;
				CLANG_WARN_SUSPICIOUS_MOVE = YES;
				CLANG_WARN_UNGUARDED_AVAILABILITY = YES_AGGRESSIVE;
				CLANG_WARN_UNREACHABLE_CODE = YES;
				CLANG_WARN__DUPLICATE_METHOD_MATCH = YES;
				COPY_PHASE_STRIP = NO;
				DEBUG_INFORMATION_FORMAT = "dwarf-with-dsym";
				ENABLE_NS_ASSERTIONS = NO;
				ENABLE_STRICT_OBJC_MSGSEND = YES;
				GCC_C_LANGUAGE_STANDARD = gnu11;
				GCC_NO_COMMON_BLOCKS = YES;
				GCC_WARN_64_TO_32_BIT_CONVERSION = YES;
				GCC_WARN_ABOUT_RETURN_TYPE = YES_ERROR;
				GCC_WARN_UNDECLARED_SELECTOR = YES;
				GCC_WARN_UNINITIALIZED_AUTOS = YES_AGGRESSIVE;
				GCC_WARN_UNUSED_FUNCTION = YES;
				GCC_WARN_UNUSED_VARIABLE = YES;
				IPHONEOS_DEPLOYMENT_TARGET = 14.3;
				MTL_ENABLE_DEBUG_INFO = NO;
				MTL_FAST_MATH = YES;
				SDKROOT = iphoneos;
				SWIFT_COMPILATION_MODE = wholemodule;
				SWIFT_OPTIMIZATION_LEVEL = "-O";
				VALIDATE_PRODUCT = YES;
			};
			name = Release;
		};
		1C104F5F25C0AA300096C8FF /* Debug */ = {
			isa = XCBuildConfiguration;
			buildSettings = {
				ASSETCATALOG_COMPILER_APPICON_NAME = AppIcon;
				ASSETCATALOG_COMPILER_GLOBAL_ACCENT_COLOR_NAME = AccentColor;
				CODE_SIGN_STYLE = Automatic;
				INFOPLIST_FILE = INFO6350App/Info.plist;
				LD_RUNPATH_SEARCH_PATHS = (
					"$(inherited)",
					"@executable_path/Frameworks",
				);
				PRODUCT_BUNDLE_IDENTIFIER = edu.northeastern.xiaominxi.INFO6350App;
				PRODUCT_NAME = "$(TARGET_NAME)";
				SWIFT_VERSION = 5.0;
				TARGETED_DEVICE_FAMILY = "1,2";
			};
			name = Debug;
		};
		1C104F6025C0AA300096C8FF /* Release */ = {
			isa = XCBuildConfiguration;
			buildSettings = {
				ASSETCATALOG_COMPILER_APPICON_NAME = AppIcon;
				ASSETCATALOG_COMPILER_GLOBAL_ACCENT_COLOR_NAME = AccentColor;
				CODE_SIGN_STYLE = Automatic;
				INFOPLIST_FILE = INFO6350App/Info.plist;
				LD_RUNPATH_SEARCH_PATHS = (
					"$(inherited)",
					"@executable_path/Frameworks",
				);
				PRODUCT_BUNDLE_IDENTIFIER = edu.northeastern.xiaominxi.INFO6350App;
				PRODUCT_NAME = "$(TARGET_NAME)";
				SWIFT_VERSION = 5.0;
				TARGETED_DEVICE_FAMILY = "1,2";
			};
			name = Release;
		};
		1C104F6225C0AA300096C8FF /* Debug */ = {
			isa = XCBuildConfiguration;
			buildSettings = {
				ALWAYS_EMBED_SWIFT_STANDARD_LIBRARIES = YES;
				BUNDLE_LOADER = "$(TEST_HOST)";
				CODE_SIGN_STYLE = Automatic;
				INFOPLIST_FILE = INFO6350AppTests/Info.plist;
				IPHONEOS_DEPLOYMENT_TARGET = 14.3;
				LD_RUNPATH_SEARCH_PATHS = (
					"$(inherited)",
					"@executable_path/Frameworks",
					"@loader_path/Frameworks",
				);
				PRODUCT_BUNDLE_IDENTIFIER = edu.northeastern.xiaominxi.INFO6350AppTests;
				PRODUCT_NAME = "$(TARGET_NAME)";
				SWIFT_VERSION = 5.0;
				TARGETED_DEVICE_FAMILY = "1,2";
				TEST_HOST = "$(BUILT_PRODUCTS_DIR)/INFO6350App.app/INFO6350App";
			};
			name = Debug;
		};
		1C104F6325C0AA300096C8FF /* Release */ = {
			isa = XCBuildConfiguration;
			buildSettings = {
				ALWAYS_EMBED_SWIFT_STANDARD_LIBRARIES = YES;
				BUNDLE_LOADER = "$(TEST_HOST)";
				CODE_SIGN_STYLE = Automatic;
				INFOPLIST_FILE = INFO6350AppTests/Info.plist;
				IPHONEOS_DEPLOYMENT_TARGET = 14.3;
				LD_RUNPATH_SEARCH_PATHS = (
					"$(inherited)",
					"@executable_path/Frameworks",
					"@loader_path/Frameworks",
				);
				PRODUCT_BUNDLE_IDENTIFIER = edu.northeastern.xiaominxi.INFO6350AppTests;
				PRODUCT_NAME = "$(TARGET_NAME)";
				SWIFT_VERSION = 5.0;
				TARGETED_DEVICE_FAMILY = "1,2";
				TEST_HOST = "$(BUILT_PRODUCTS_DIR)/INFO6350App.app/INFO6350App";
			};
			name = Release;
		};
		1C104F6525C0AA300096C8FF /* Debug */ = {
			isa = XCBuildConfiguration;
			buildSettings = {
				ALWAYS_EMBED_SWIFT_STANDARD_LIBRARIES = YES;
				CODE_SIGN_STYLE = Automatic;
				INFOPLIST_FILE = INFO6350AppUITests/Info.plist;
				LD_RUNPATH_SEARCH_PATHS = (
					"$(inherited)",
					"@executable_path/Frameworks",
					"@loader_path/Frameworks",
				);
				PRODUCT_BUNDLE_IDENTIFIER = edu.northeastern.xiaominxi.INFO6350AppUITests;
				PRODUCT_NAME = "$(TARGET_NAME)";
				SWIFT_VERSION = 5.0;
				TARGETED_DEVICE_FAMILY = "1,2";
				TEST_TARGET_NAME = INFO6350App;
			};
			name = Debug;
		};
		1C104F6625C0AA300096C8FF /* Release */ = {
			isa = XCBuildConfiguration;
			buildSettings = {
				ALWAYS_EMBED_SWIFT_STANDARD_LIBRARIES = YES;
				CODE_SIGN_STYLE = Automatic;
				INFOPLIST_FILE = INFO6350AppUITests/Info.plist;
				LD_RUNPATH_SEARCH_PATHS = (
					"$(inherited)",
					"@executable_path/Frameworks",
					"@loader_path/Frameworks",
				);
				PRODUCT_BUNDLE_IDENTIFIER = edu.northeastern.xiaominxi.INFO6350AppUITests;
				PRODUCT_NAME = "$(TARGET_NAME)";
				SWIFT_VERSION = 5.0;
				TARGETED_DEVICE_FAMILY = "1,2";
				TEST_TARGET_NAME = INFO6350App;
			};
			name = Release;
		};
/* End XCBuildConfiguration section */

/* Begin XCConfigurationList section */
		1C104F2F25C0AA2C0096C8FF /* Build configuration list for PBXProject "INFO6350App" */ = {
			isa = XCConfigurationList;
			buildConfigurations = (
				1C104F5C25C0AA300096C8FF /* Debug */,
				1C104F5D25C0AA300096C8FF /* Release */,
			);
			defaultConfigurationIsVisible = 0;
			defaultConfigurationName = Release;
		};
		1C104F5E25C0AA300096C8FF /* Build configuration list for PBXNativeTarget "INFO6350App" */ = {
			isa = XCConfigurationList;
			buildConfigurations = (
				1C104F5F25C0AA300096C8FF /* Debug */,
				1C104F6025C0AA300096C8FF /* Release */,
			);
			defaultConfigurationIsVisible = 0;
			defaultConfigurationName = Release;
		};
		1C104F6125C0AA300096C8FF /* Build configuration list for PBXNativeTarget "INFO6350AppTests" */ = {
			isa = XCConfigurationList;
			buildConfigurations = (
				1C104F6225C0AA300096C8FF /* Debug */,
				1C104F6325C0AA300096C8FF /* Release */,
			);
			defaultConfigurationIsVisible = 0;
			defaultConfigurationName = Release;
		};
		1C104F6425C0AA300096C8FF /* Build configuration list for PBXNativeTarget "INFO6350AppUITests" */ = {
			isa = XCConfigurationList;
			buildConfigurations = (
				1C104F6525C0AA300096C8FF /* Debug */,
				1C104F6625C0AA300096C8FF /* Release */,
			);
			defaultConfigurationIsVisible = 0;
			defaultConfigurationName = Release;
		};
/* End XCConfigurationList section */
	};
	rootObject = 1C104F2C25C0AA2C0096C8FF /* Project object */;
}
